PODS:
  - HZNavigationBar (1.3.2)
  - SnapKit (5.0.1)

DEPENDENCIES:
  - HZNavigationBar (from `../`)
  - SnapKit

SPEC REPOS:
  trunk:
    - SnapKit

EXTERNAL SOURCES:
  HZNavigationBar:
    :path: "../"

SPEC CHECKSUMS:
  HZNavigationBar: f42a70ec99b5e10efa804b393b9306f4fd166b93
  SnapKit: 97b92857e3df3a0c71833cce143274bf6ef8e5eb

PODFILE CHECKSUM: 255941b5bb29edabbbbf528b1c2c83d4dad7323b

COCOAPODS: 1.10.1
