PODS:
  - HZNavigationBar (1.2.3)
  - SnapKit (5.0.1)

DEPENDENCIES:
  - HZNavigationBar (from `../`)
  - SnapKit

SPEC REPOS:
  trunk:
    - SnapKit

EXTERNAL SOURCES:
  HZNavigationBar:
    :path: "../"

SPEC CHECKSUMS:
  HZNavigationBar: e1f2be97ebd7ccd57500a901461c0342194f08da
  SnapKit: 97b92857e3df3a0c71833cce143274bf6ef8e5eb

PODFILE CHECKSUM: fdec0e6ab6e2895e3664e5a2e745093e69eec6de

COCOAPODS: 1.8.4
